{
    "version": 3,
    "terraform_version": "0.11.11",
    "serial": 7,
    "lineage": "93b612c2-3745-b50d-e264-e1ca4b822a08",
    "modules": [
        {
            "path": [
                "root"
            ],
            "outputs": {
                "configuration": {
                    "sensitive": false,
                    "type": "map",
                    "value": {
                        "domain": "me.local",
                        "dummy": "test",
                        "image_id": "/var/lib/libvirt/images/basetest-baseimage",
                        "image_name": "basetest-baseimage",
                        "image_source": "/vmdisk/jenkins-cluster/test-dummy-for-terraform/sles12sp1-node1.qcow2",
                        "iprange": "192.168.10.0/24,192.168.20.0/24",
                        "network_id": "3ef3f5df-77af-4dee-bcee-f7ae7d75df27,7b5fc51e-c5e5-44a2-8f0c-84ef5fc115e1",
                        "pool": "default",
                        "prefix": "basetest",
                        "shared_img": "0",
                        "timezone": "Asia/Beijing"
                    }
                }
            },
            "resources": {
                "libvirt_network.base_network.0": {
                    "type": "libvirt_network",
                    "depends_on": [
                        "local.dummy_net_name"
                    ],
                    "primary": {
                        "id": "3ef3f5df-77af-4dee-bcee-f7ae7d75df27",
                        "attributes": {
                            "addresses.#": "1",
                            "addresses.0": "192.168.10.0/24",
                            "autostart": "true",
                            "bridge": "virbr5",
                            "dhcp.#": "1",
                            "dhcp.0.enabled": "true",
                            "domain": "me.local.1",
                            "id": "3ef3f5df-77af-4dee-bcee-f7ae7d75df27",
                            "mode": "nat",
                            "name": "basetest-basenet-1"
                        },
                        "meta": {},
                        "tainted": false
                    },
                    "deposed": [],
                    "provider": "provider.libvirt"
                },
                "libvirt_network.base_network.1": {
                    "type": "libvirt_network",
                    "depends_on": [
                        "local.dummy_net_name"
                    ],
                    "primary": {
                        "id": "7b5fc51e-c5e5-44a2-8f0c-84ef5fc115e1",
                        "attributes": {
                            "addresses.#": "1",
                            "addresses.0": "192.168.20.0/24",
                            "autostart": "true",
                            "bridge": "virbr6",
                            "dhcp.#": "1",
                            "dhcp.0.enabled": "true",
                            "domain": "me.local.2",
                            "id": "7b5fc51e-c5e5-44a2-8f0c-84ef5fc115e1",
                            "mode": "nat",
                            "name": "basetest-basenet-2"
                        },
                        "meta": {},
                        "tainted": false
                    },
                    "deposed": [],
                    "provider": "provider.libvirt"
                },
                "libvirt_volume.base_image": {
                    "type": "libvirt_volume",
                    "depends_on": [],
                    "primary": {
                        "id": "/var/lib/libvirt/images/basetest-baseimage",
                        "attributes": {
                            "format": "qcow2",
                            "id": "/var/lib/libvirt/images/basetest-baseimage",
                            "name": "basetest-baseimage",
                            "pool": "default",
                            "size": "8589934592",
                            "source": "/vmdisk/jenkins-cluster/test-dummy-for-terraform/sles12sp1-node1.qcow2"
                        },
                        "meta": {},
                        "tainted": false
                    },
                    "deposed": [],
                    "provider": "provider.libvirt"
                }
            },
            "depends_on": []
        }
    ]
}
