{
    "version": 3,
    "terraform_version": "0.11.11",
    "serial": 15,
    "lineage": "9dac4340-a4e4-4273-f2d6-f83048931412",
    "modules": [
        {
            "path": [
                "root"
            ],
            "outputs": {},
            "resources": {},
            "depends_on": []
        },
        {
            "path": [
                "root",
                "base"
            ],
            "outputs": {
                "configuration": {
                    "sensitive": false,
                    "type": "map",
                    "value": {
                        "domain": "me.local",
                        "dummy": "test",
                        "image_id": "/var/lib/libvirt/images/F-baseimage",
                        "image_name": "F-baseimage",
                        "image_source": "/vmdisk/jenkins-cluster/test-dummy-for-terraform/sles12sp1-node1.qcow2",
                        "iprange": "192.168.10.0/24,192.168.20.0/24",
                        "network_id": "a9f6b0a1-3495-46f6-bffb-b0d26b1285b7,c9c1197b-dfbc-4a4f-8ff9-7dffcddbca4d",
                        "pool": "default",
                        "prefix": "F",
                        "shared_img": "0",
                        "timezone": "Asia/Beijing"
                    }
                }
            },
            "resources": {
                "libvirt_network.base_network.0": {
                    "type": "libvirt_network",
                    "depends_on": [
                        "local.dummy_net_name"
                    ],
                    "primary": {
                        "id": "a9f6b0a1-3495-46f6-bffb-b0d26b1285b7",
                        "attributes": {
                            "addresses.#": "1",
                            "addresses.0": "192.168.10.0/24",
                            "autostart": "true",
                            "bridge": "virbr5",
                            "dhcp.#": "1",
                            "dhcp.0.enabled": "true",
                            "domain": "me.local.1",
                            "id": "a9f6b0a1-3495-46f6-bffb-b0d26b1285b7",
                            "mode": "nat",
                            "name": "F-basenet-1"
                        },
                        "meta": {},
                        "tainted": false
                    },
                    "deposed": [],
                    "provider": "module.base.provider.libvirt"
                },
                "libvirt_network.base_network.1": {
                    "type": "libvirt_network",
                    "depends_on": [
                        "local.dummy_net_name"
                    ],
                    "primary": {
                        "id": "c9c1197b-dfbc-4a4f-8ff9-7dffcddbca4d",
                        "attributes": {
                            "addresses.#": "1",
                            "addresses.0": "192.168.20.0/24",
                            "autostart": "true",
                            "bridge": "virbr6",
                            "dhcp.#": "1",
                            "dhcp.0.enabled": "true",
                            "domain": "me.local.2",
                            "id": "c9c1197b-dfbc-4a4f-8ff9-7dffcddbca4d",
                            "mode": "nat",
                            "name": "F-basenet-2"
                        },
                        "meta": {},
                        "tainted": false
                    },
                    "deposed": [],
                    "provider": "module.base.provider.libvirt"
                },
                "libvirt_volume.base_image": {
                    "type": "libvirt_volume",
                    "depends_on": [],
                    "primary": {
                        "id": "/var/lib/libvirt/images/F-baseimage",
                        "attributes": {
                            "format": "qcow2",
                            "id": "/var/lib/libvirt/images/F-baseimage",
                            "name": "F-baseimage",
                            "pool": "default",
                            "size": "8589934592",
                            "source": "/vmdisk/jenkins-cluster/test-dummy-for-terraform/sles12sp1-node1.qcow2"
                        },
                        "meta": {},
                        "tainted": false
                    },
                    "deposed": [],
                    "provider": "module.base.provider.libvirt"
                }
            },
            "depends_on": []
        },
        {
            "path": [
                "root",
                "host"
            ],
            "outputs": {},
            "resources": {
                "libvirt_domain.domain.0": {
                    "type": "libvirt_domain",
                    "depends_on": [
                        "libvirt_volume.drbd_disk.*",
                        "libvirt_volume.main_disk.*"
                    ],
                    "primary": {
                        "id": "9319a75c-a864-4bc4-a536-e23bfddaa174",
                        "attributes": {
                            "arch": "x86_64",
                            "autostart": "false",
                            "cmdline.#": "0",
                            "disk.#": "2",
                            "disk.0.file": "",
                            "disk.0.scsi": "false",
                            "disk.0.url": "",
                            "disk.0.volume_id": "/var/lib/libvirt/images/F-testnode-1-maindisk",
                            "disk.0.wwn": "",
                            "disk.1.file": "",
                            "disk.1.scsi": "false",
                            "disk.1.url": "",
                            "disk.1.volume_id": "/var/lib/libvirt/images/F-testnode-1-drbddisk",
                            "disk.1.wwn": "",
                            "emulator": "/usr/bin/qemu-kvm",
                            "firmware": "",
                            "id": "9319a75c-a864-4bc4-a536-e23bfddaa174",
                            "initrd": "",
                            "kernel": "",
                            "machine": "pc",
                            "memory": "512",
                            "name": "F-testnode-1",
                            "network_interface.#": "0",
                            "nvram.#": "0",
                            "qemu_agent": "true",
                            "running": "true",
                            "vcpu": "1"
                        },
                        "meta": {
                            "e2bfb730-ecaa-11e6-8f88-34363bc7c4c0": {
                                "create": 300000000000
                            }
                        },
                        "tainted": false
                    },
                    "deposed": [],
                    "provider": "module.host.provider.libvirt"
                },
                "libvirt_domain.domain.1": {
                    "type": "libvirt_domain",
                    "depends_on": [
                        "libvirt_volume.drbd_disk.*",
                        "libvirt_volume.main_disk.*"
                    ],
                    "primary": {
                        "id": "d50d0d52-c425-4e52-afb8-3e9bfdefa713",
                        "attributes": {
                            "arch": "x86_64",
                            "autostart": "false",
                            "cmdline.#": "0",
                            "disk.#": "2",
                            "disk.0.file": "",
                            "disk.0.scsi": "false",
                            "disk.0.url": "",
                            "disk.0.volume_id": "/var/lib/libvirt/images/F-testnode-2-maindisk",
                            "disk.0.wwn": "",
                            "disk.1.file": "",
                            "disk.1.scsi": "false",
                            "disk.1.url": "",
                            "disk.1.volume_id": "/var/lib/libvirt/images/F-testnode-2-drbddisk",
                            "disk.1.wwn": "",
                            "emulator": "/usr/bin/qemu-kvm",
                            "firmware": "",
                            "id": "d50d0d52-c425-4e52-afb8-3e9bfdefa713",
                            "initrd": "",
                            "kernel": "",
                            "machine": "pc",
                            "memory": "512",
                            "name": "F-testnode-2",
                            "network_interface.#": "0",
                            "nvram.#": "0",
                            "qemu_agent": "true",
                            "running": "true",
                            "vcpu": "1"
                        },
                        "meta": {
                            "e2bfb730-ecaa-11e6-8f88-34363bc7c4c0": {
                                "create": 300000000000
                            }
                        },
                        "tainted": false
                    },
                    "deposed": [],
                    "provider": "module.host.provider.libvirt"
                },
                "libvirt_volume.drbd_disk.0": {
                    "type": "libvirt_volume",
                    "depends_on": [],
                    "primary": {
                        "id": "/var/lib/libvirt/images/F-testnode-1-drbddisk",
                        "attributes": {
                            "format": "qcow2",
                            "id": "/var/lib/libvirt/images/F-testnode-1-drbddisk",
                            "name": "F-testnode-1-drbddisk",
                            "pool": "default",
                            "size": "1024000000"
                        },
                        "meta": {},
                        "tainted": false
                    },
                    "deposed": [],
                    "provider": "module.host.provider.libvirt"
                },
                "libvirt_volume.drbd_disk.1": {
                    "type": "libvirt_volume",
                    "depends_on": [],
                    "primary": {
                        "id": "/var/lib/libvirt/images/F-testnode-2-drbddisk",
                        "attributes": {
                            "format": "qcow2",
                            "id": "/var/lib/libvirt/images/F-testnode-2-drbddisk",
                            "name": "F-testnode-2-drbddisk",
                            "pool": "default",
                            "size": "1024000000"
                        },
                        "meta": {},
                        "tainted": false
                    },
                    "deposed": [],
                    "provider": "module.host.provider.libvirt"
                },
                "libvirt_volume.main_disk.0": {
                    "type": "libvirt_volume",
                    "depends_on": [],
                    "primary": {
                        "id": "/var/lib/libvirt/images/F-testnode-1-maindisk",
                        "attributes": {
                            "base_volume_name": "F-baseimage",
                            "format": "qcow2",
                            "id": "/var/lib/libvirt/images/F-testnode-1-maindisk",
                            "name": "F-testnode-1-maindisk",
                            "pool": "default",
                            "size": "8589934592"
                        },
                        "meta": {},
                        "tainted": false
                    },
                    "deposed": [],
                    "provider": "module.host.provider.libvirt"
                },
                "libvirt_volume.main_disk.1": {
                    "type": "libvirt_volume",
                    "depends_on": [],
                    "primary": {
                        "id": "/var/lib/libvirt/images/F-testnode-2-maindisk",
                        "attributes": {
                            "base_volume_name": "F-baseimage",
                            "format": "qcow2",
                            "id": "/var/lib/libvirt/images/F-testnode-2-maindisk",
                            "name": "F-testnode-2-maindisk",
                            "pool": "default",
                            "size": "8589934592"
                        },
                        "meta": {},
                        "tainted": false
                    },
                    "deposed": [],
                    "provider": "module.host.provider.libvirt"
                }
            },
            "depends_on": []
        }
    ]
}
